// !$*UTF8*$!
{
	archiveVersion = 1;
	classes = {
	};
	objectVersion = 77;
	objects = {

/* Begin PBXBuildFile section */
		04BB6AE02FB859640093C467 /* Core in Frameworks */ = {isa = PBXBuildFile; productRef = 04BB6ADF2FB859640093C467 /* Core */; };
/* End PBXBuildFile section */

/* Begin PBXContainerItemProxy section */
		04BB6A6E2FB815C00093C467 /* PBXContainerItemProxy */ = {
			isa = PBXContainerItemProxy;
			containerPortal = 04BB6A582FB815BE0093C467 /* Project object */;
			proxyType = 1;
			remoteGlobalIDString = 04BB6A5F2FB815BE0093C467;
			remoteInfo = ClaudeUsage;
		};
		04BB6A782FB815C00093C467 /* PBXContainerItemProxy */ = {
			isa = PBXContainerItemProxy;
			containerPortal = 04BB6A582FB815BE0093C467 /* Project object */;
			proxyType = 1;
			remoteGlobalIDString = 04BB6A5F2FB815BE0093C467;
			remoteInfo = ClaudeUsage;
		};
/* End PBXContainerItemProxy section */

/* Begin PBXFileReference section */
		04BB6A602FB815BE0093C467 /* ClaudeUsage.app */ = {isa = PBXFileReference; explicitFileType = wrapper.application; includeInIndex = 0; path = ClaudeUsage.app; sourceTree = BUILT_PRODUCTS_DIR; };
		04BB6A6D2FB815C00093C467 /* ClaudeUsageTests.xctest */ = {isa = PBXFileReference; explicitFileType = wrapper.cfbundle; includeInIndex = 0; path = ClaudeUsageTests.xctest; sourceTree = BUILT_PRODUCTS_DIR; };
		04BB6A772FB815C00093C467 /* ClaudeUsageUITests.xctest */ = {isa = PBXFileReference; explicitFileType = wrapper.cfbundle; includeInIndex = 0; path = ClaudeUsageUITests.xctest; sourceTree = BUILT_PRODUCTS_DIR; };
/* End PBXFileReference section */

/* Begin PBXFileSystemSynchronizedRootGroup section */
		04BB6A622FB815BE0093C467 /* ClaudeUsage */ = {
			isa = PBXFileSystemSynchronizedRootGroup;
			path = ClaudeUsage;
			sourceTree = "<group>";
		};
		04BB6A702FB815C00093C467 /* ClaudeUsageTests */ = {
			isa = PBXFileSystemSynchronizedRootGroup;
			path = ClaudeUsageTests;
			sourceTree = "<group>";
		};
		04BB6A7A2FB815C00093C467 /* ClaudeUsageUITests */ = {
			isa = PBXFileSystemSynchronizedRootGroup;
			path = ClaudeUsageUITests;
			sourceTree = "<group>";
		};
/* End PBXFileSystemSynchronizedRootGroup section */

/* Begin PBXFrameworksBuildPhase section */
		04BB6A5D2FB815BE0093C467 /* Frameworks */ = {
			isa = PBXFrameworksBuildPhase;
			buildActionMask = 2147483647;
			files = (
				04BB6AE02FB859640093C467 /* Core in Frameworks */,
			);
			runOnlyForDeploymentPostprocessing = 0;
		};
		04BB6A6A2FB815C00093C467 /* Frameworks */ = {
			isa = PBXFrameworksBuildPhase;
			buildActionMask = 2147483647;
			files = (
			);
			runOnlyForDeploymentPostprocessing = 0;
		};
		04BB6A742FB815C00093C467 /* Frameworks */ = {
			isa = PBXFrameworksBuildPhase;
			buildActionMask = 2147483647;
			files = (
			);
			runOnlyForDeploymentPostprocessing = 0;
		};
/* End PBXFrameworksBuildPhase section */

/* Begin PBXGroup section */
		04BB6A572FB815BE0093C467 = {
			isa = PBXGroup;
			children = (
				04BB6A622FB815BE0093C467 /* ClaudeUsage */,
				04BB6A702FB815C00093C467 /* ClaudeUsageTests */,
				04BB6A7A2FB815C00093C467 /* ClaudeUsageUITests */,
				04BB6A612FB815BE0093C467 /* Products */,
			);
			sourceTree = "<group>";
		};
		04BB6A612FB815BE0093C467 /* Products */ = {
			isa = PBXGroup;
			children = (
				04BB6A602FB815BE0093C467 /* ClaudeUsage.app */,
				04BB6A6D2FB815C00093C467 /* ClaudeUsageTests.xctest */,
				04BB6A772FB815C00093C467 /* ClaudeUsageUITests.xctest */,
			);
			name = Products;
			sourceTree = "<group>";
		};
/* End PBXGroup section */

/* Begin PBXNativeTarget section */
		04BB6A5F2FB815BE0093C467 /* ClaudeUsage */ = {
			isa = PBXNativeTarget;
			buildConfigurationList = 04BB6A812FB815C00093C467 /* Build configuration list for PBXNativeTarget "ClaudeUsage" */;
			buildPhases = (
				04BB6A5C2FB815BE0093C467 /* Sources */,
				04BB6A5D2FB815BE0093C467 /* Frameworks */,
				04BB6A5E2FB815BE0093C467 /* Resources */,
			);
			buildRules = (
			);
			dependencies = (
			);
			fileSystemSynchronizedGroups = (
				04BB6A622FB815BE0093C467 /* ClaudeUsage */,
			);
			name = ClaudeUsage;
			packageProductDependencies = (
				04BB6ADF2FB859640093C467 /* Core */,
			);
			productName = ClaudeUsage;
			productReference = 04BB6A602FB815BE0093C467 /* ClaudeUsage.app */;
			productType = "com.apple.product-type.application";
		};
		04BB6A6C2FB815C00093C467 /* ClaudeUsageTests */ = {
			isa = PBXNativeTarget;
			buildConfigurationList = 04BB6A842FB815C00093C467 /* Build configuration list for PBXNativeTarget "ClaudeUsageTests" */;
			buildPhases = (
				04BB6A692FB815C00093C467 /* Sources */,
				04BB6A6A2FB815C00093C467 /* Frameworks */,
				04BB6A6B2FB815C00093C467 /* Resources */,
			);
			buildRules = (
			);
			dependencies = (
				04BB6A6F2FB815C00093C467 /* PBXTargetDependency */,
			);
			fileSystemSynchronizedGroups = (
				04BB6A702FB815C00093C467 /* ClaudeUsageTests */,
			);
			name = ClaudeUsageTests;
			packageProductDependencies = (
			);
			productName = ClaudeUsageTests;
			productReference = 04BB6A6D2FB815C00093C467 /* ClaudeUsageTests.xctest */;
			productType = "com.apple.product-type.bundle.unit-test";
		};
		04BB6A762FB815C00093C467 /* ClaudeUsageUITests */ = {
			isa = PBXNativeTarget;
			buildConfigurationList = 04BB6A872FB815C00093C467 /* Build configuration list for PBXNativeTarget "ClaudeUsageUITests" */;
			buildPhases = (
				04BB6A732FB815C00093C467 /* Sources */,
				04BB6A742FB815C00093C467 /* Frameworks */,
				04BB6A752FB815C00093C467 /* Resources */,
			);
			buildRules = (
			);
			dependencies = (
				04BB6A792FB815C00093C467 /* PBXTargetDependency */,
			);
			fileSystemSynchronizedGroups = (
				04BB6A7A2FB815C00093C467 /* ClaudeUsageUITests */,
			);
			name = ClaudeUsageUITests;
			packageProductDependencies = (
			);
			productName = ClaudeUsageUITests;
			productReference = 04BB6A772FB815C00093C467 /* ClaudeUsageUITests.xctest */;
			productType = "com.apple.product-type.bundle.ui-testing";
		};
/* End PBXNativeTarget section */

/* Begin PBXProject section */
		04BB6A582FB815BE0093C467 /* Project object */ = {
			isa = PBXProject;
			attributes = {
				BuildIndependentTargetsInParallel = 1;
				LastSwiftUpdateCheck = 2620;
				LastUpgradeCheck = 2620;
				TargetAttributes = {
					04BB6A5F2FB815BE0093C467 = {
						CreatedOnToolsVersion = 26.2;
					};
					04BB6A6C2FB815C00093C467 = {
						CreatedOnToolsVersion = 26.2;
						TestTargetID = 04BB6A5F2FB815BE0093C467;
					};
					04BB6A762FB815C00093C467 = {
						CreatedOnToolsVersion = 26.2;
						TestTargetID = 04BB6A5F2FB815BE0093C467;
					};
				};
			};
			buildConfigurationList = 04BB6A5B2FB815BE0093C467 /* Build configuration list for PBXProject "ClaudeUsage" */;
			developmentRegion = en;
			hasScannedForEncodings = 0;
			knownRegions = (
				en,
				Base,
			);
			mainGroup = 04BB6A572FB815BE0093C467;
			minimizedProjectReferenceProxies = 1;
			packageReferences = (
				04BB6ADE2FB859640093C467 /* XCLocalSwiftPackageReference "../Core" */,
			);
			preferredProjectObjectVersion = 77;
			productRefGroup = 04BB6A612FB815BE0093C467 /* Products */;
			projectDirPath = "";
			projectRoot = "";
			targets = (
				04BB6A5F2FB815BE0093C467 /* ClaudeUsage */,
				04BB6A6C2FB815C00093C467 /* ClaudeUsageTests */,
				04BB6A762FB815C00093C467 /* ClaudeUsageUITests */,
			);
		};
/* End PBXProject section */

/* Begin PBXResourcesBuildPhase section */
		04BB6A5E2FB815BE0093C467 /* Resources */ = {
			isa = PBXResourcesBuildPhase;
			buildActionMask = 2147483647;
			files = (
			);
			runOnlyForDeploymentPostprocessing = 0;
		};
		04BB6A6B2FB815C00093C467 /* Resources */ = {
			isa = PBXResourcesBuildPhase;
			buildActionMask = 2147483647;
			files = (
			);
			runOnlyForDeploymentPostprocessing = 0;
		};
		04BB6A752FB815C00093C467 /* Resources */ = {
			isa = PBXResourcesBuildPhase;
			buildActionMask = 2147483647;
			files = (
			);
			runOnlyForDeploymentPostprocessing = 0;
		};
/* End PBXResourcesBuildPhase section */

/* Begin PBXSourcesBuildPhase section */
		04BB6A5C2FB815BE0093C467 /* Sources */ = {
			isa = PBXSourcesBuildPhase;
			buildActionMask = 2147483647;
			files = (
			);
			runOnlyForDeploymentPostprocessing = 0;
		};
		04BB6A692FB815C00093C467 /* Sources */ = {
			isa = PBXSourcesBuildPhase;
			buildActionMask = 2147483647;
			files = (
			);
			runOnlyForDeploymentPostprocessing = 0;
		};
		04BB6A732FB815C00093C467 /* Sources */ = {
			isa = PBXSourcesBuildPhase;
			buildActionMask = 2147483647;
			files = (
			);
			runOnlyForDeploymentPostprocessing = 0;
		};
/* End PBXSourcesBuildPhase section */

/* Begin PBXTargetDependency section */
		04BB6A6F2FB815C00093C467 /* PBXTargetDependency */ = {
			isa = PBXTargetDependency;
			target = 04BB6A5F2FB815BE0093C467 /* ClaudeUsage */;
			targetProxy = 04BB6A6E2FB815C00093C467 /* PBXContainerItemProxy */;
		};
		04BB6A792FB815C00093C467 /* PBXTargetDependency */ = {
			isa = PBXTargetDependency;
			target = 04BB6A5F2FB815BE0093C467 /* ClaudeUsage */;
			targetProxy = 04BB6A782FB815C00093C467 /* PBXContainerItemProxy */;
		};
/* End PBXTargetDependency section */

/* Begin XCBuildConfiguration section */
		04BB6A7F2FB815C00093C467 /* Debug */ = {
			isa = XCBuildConfiguration;
			buildSettings = {
				ALWAYS_SEARCH_USER_PATHS = NO;
				ASSETCATALOG_COMPILER_GENERATE_SWIFT_ASSET_SYMBOL_EXTENSIONS = YES;
				CLANG_ANALYZER_NONNULL = YES;
				CLANG_ANALYZER_NUMBER_OBJECT_CONVERSION = YES_AGGRESSIVE;
				CLANG_CXX_LANGUAGE_STANDARD = "gnu++20";
				CLANG_ENABLE_MODULES = YES;
				CLANG_ENABLE_OBJC_ARC = YES;
				CLANG_ENABLE_OBJC_WEAK = YES;
				CLANG_WARN_BLOCK_CAPTURE_AUTORELEASING = YES;
				CLANG_WARN_BOOL_CONVERSION = YES;
				CLANG_WARN_COMMA = YES;
				CLANG_WARN_CONSTANT_CONVERSION = YES;
				CLANG_WARN_DEPRECATED_OBJC_IMPLEMENTATIONS = YES;
				CLANG_WARN_DIRECT_OBJC_ISA_USAGE = YES_ERROR;
				CLANG_WARN_DOCUMENTATION_COMMENTS = YES;
				CLANG_WARN_EMPTY_BODY = YES;
				CLANG_WARN_ENUM_CONVERSION = YES;
				CLANG_WARN_INFINITE_RECURSION = YES;
				CLANG_WARN_INT_CONVERSION = YES;
				CLANG_WARN_NON_LITERAL_NULL_CONVERSION = YES;
				CLANG_WARN_OBJC_IMPLICIT_RETAIN_SELF = YES;
				CLANG_WARN_OBJC_LITERAL_CONVERSION = YES;
				CLANG_WARN_OBJC_ROOT_CLASS = YES_ERROR;
				CLANG_WARN_QUOTED_INCLUDE_IN_FRAMEWORK_HEADER = YES;
				CLANG_WARN_RANGE_LOOP_ANALYSIS = YES;
				CLANG_WARN_STRICT_PROTOTYPES = YES;
				CLANG_WARN_SUSPICIOUS_MOVE = YES;
				CLANG_WARN_UNGUARDED_AVAILABILITY = YES_AGGRESSIVE;
				CLANG_WARN_UNREACHABLE_CODE = YES;
				CLANG_WARN__DUPLICATE_METHOD_MATCH = YES;
				COPY_PHASE_STRIP = NO;
				DEBUG_INFORMATION_FORMAT = dwarf;
				ENABLE_STRICT_OBJC_MSGSEND = YES;
				ENABLE_TESTABILITY = YES;
				ENABLE_USER_SCRIPT_SANDBOXING = YES;
				GCC_C_LANGUAGE_STANDARD = gnu17;
				GCC_DYNAMIC_NO_PIC = NO;
				GCC_NO_COMMON_BLOCKS = YES;
				GCC_OPTIMIZATION_LEVEL = 0;
				GCC_PREPROCESSOR_DEFINITIONS = (
					"DEBUG=1",
					"$(inherited)",
				);
				GCC_WARN_64_TO_32_BIT_CONVERSION = YES;
				GCC_WARN_ABOUT_RETURN_TYPE = YES_ERROR;
				GCC_WARN_UNDECLARED_SELECTOR = YES;
				GCC_WARN_UNINITIALIZED_AUTOS = YES_AGGRESSIVE;
				GCC_WARN_UNUSED_FUNCTION = YES;
				GCC_WARN_UNUSED_VARIABLE = YES;
				LOCALIZATION_PREFERS_STRING_CATALOGS = YES;
				MACOSX_DEPLOYMENT_TARGET = 14.0;
				MTL_ENABLE_DEBUG_INFO = INCLUDE_SOURCE;
				MTL_FAST_MATH = YES;
				ONLY_ACTIVE_ARCH = YES;
				SDKROOT = macosx;
				SWIFT_ACTIVE_COMPILATION_CONDITIONS = "DEBUG $(inherited)";
				SWIFT_OPTIMIZATION_LEVEL = "-Onone";
			};
			name = Debug;
		};
		04BB6A802FB815C00093C467 /* Release */ = {
			isa = XCBuildConfiguration;
			buildSettings = {
				ALWAYS_SEARCH_USER_PATHS = NO;
				ASSETCATALOG_COMPILER_GENERATE_SWIFT_ASSET_SYMBOL_EXTENSIONS = YES;
				CLANG_ANALYZER_NONNULL = YES;
				CLANG_ANALYZER_NUMBER_OBJECT_CONVERSION = YES_AGGRESSIVE;
				CLANG_CXX_LANGUAGE_STANDARD = "gnu++20";
				CLANG_ENABLE_MODULES = YES;
				CLANG_ENABLE_OBJC_ARC = YES;
				CLANG_ENABLE_OBJC_WEAK = YES;
				CLANG_WARN_BLOCK_CAPTURE_AUTORELEASING = YES;
				CLANG_WARN_BOOL_CONVERSION = YES;
				CLANG_WARN_COMMA = YES;
				CLANG_WARN_CONSTANT_CONVERSION = YES;
				CLANG_WARN_DEPRECATED_OBJC_IMPLEMENTATIONS = YES;
				CLANG_WARN_DIRECT_OBJC_ISA_USAGE = YES_ERROR;
				CLANG_WARN_DOCUMENTATION_COMMENTS = YES;
				CLANG_WARN_EMPTY_BODY = YES;
				CLANG_WARN_ENUM_CONVERSION = YES;
				CLANG_WARN_INFINITE_RECURSION = YES;
				CLANG_WARN_INT_CONVERSION = YES;
				CLANG_WARN_NON_LITERAL_NULL_CONVERSION = YES;
				CLANG_WARN_OBJC_IMPLICIT_RETAIN_SELF = YES;
				CLANG_WARN_OBJC_LITERAL_CONVERSION = YES;
				CLANG_WARN_OBJC_ROOT_CLASS = YES_ERROR;
				CLANG_WARN_QUOTED_INCLUDE_IN_FRAMEWORK_HEADER = YES;
				CLANG_WARN_RANGE_LOOP_ANALYSIS = YES;
				CLANG_WARN_STRICT_PROTOTYPES = YES;
				CLANG_WARN_SUSPICIOUS_MOVE = YES;
				CLANG_WARN_UNGUARDED_AVAILABILITY = YES_AGGRESSIVE;
				CLANG_WARN_UNREACHABLE_CODE = YES;
				CLANG_WARN__DUPLICATE_METHOD_MATCH = YES;
				COPY_PHASE_STRIP = NO;
				DEBUG_INFORMATION_FORMAT = "dwarf-with-dsym";
				ENABLE_NS_ASSERTIONS = NO;
				ENABLE_STRICT_OBJC_MSGSEND = YES;
				ENABLE_USER_SCRIPT_SANDBOXING = YES;
				GCC_C_LANGUAGE_STANDARD = gnu17;
				GCC_NO_COMMON_BLOCKS = YES;
				GCC_WARN_64_TO_32_BIT_CONVERSION = YES;
				GCC_WARN_ABOUT_RETURN_TYPE = YES_ERROR;
				GCC_WARN_UNDECLARED_SELECTOR = YES;
				GCC_WARN_UNINITIALIZED_AUTOS = YES_AGGRESSIVE;
				GCC_WARN_UNUSED_FUNCTION = YES;
				GCC_WARN_UNUSED_VARIABLE = YES;
				LOCALIZATION_PREFERS_STRING_CATALOGS = YES;
				MACOSX_DEPLOYMENT_TARGET = 14.0;
				MTL_ENABLE_DEBUG_INFO = NO;
				MTL_FAST_MATH = YES;
				SDKROOT = macosx;
				SWIFT_COMPILATION_MODE = wholemodule;
			};
			name = Release;
		};
		04BB6A822FB815C00093C467 /* Debug */ = {
			isa = XCBuildConfiguration;
			buildSettings = {
				ASSETCATALOG_COMPILER_APPICON_NAME = AppIcon;
				ASSETCATALOG_COMPILER_GLOBAL_ACCENT_COLOR_NAME = AccentColor;
				CODE_SIGN_STYLE = Automatic;
				COMBINE_HIDPI_IMAGES = YES;
				CURRENT_PROJECT_VERSION = 1;
				ENABLE_APP_SANDBOX = NO;
				ENABLE_PREVIEWS = YES;
				ENABLE_USER_SELECTED_FILES = readonly;
				GENERATE_INFOPLIST_FILE = YES;
				INFOPLIST_KEY_CFBundleDisplayName = "Claude Usage";
				INFOPLIST_KEY_LSUIElement = YES;
				INFOPLIST_KEY_NSHumanReadableCopyright = "Copyright © 2026 Emmanuel Oluwafemi.";
				LD_RUNPATH_SEARCH_PATHS = (
					"$(inherited)",
					"@executable_path/../Frameworks",
				);
				MARKETING_VERSION = 0.0.1;
				PRODUCT_BUNDLE_IDENTIFIER = "dev.emmanueloluwafemi.claude-usage";
				PRODUCT_NAME = "$(TARGET_NAME)";
				REGISTER_APP_GROUPS = YES;
				STRING_CATALOG_GENERATE_SYMBOLS = YES;
				SWIFT_APPROACHABLE_CONCURRENCY = YES;
				SWIFT_DEFAULT_ACTOR_ISOLATION = MainActor;
				SWIFT_EMIT_LOC_STRINGS = YES;
				SWIFT_UPCOMING_FEATURE_MEMBER_IMPORT_VISIBILITY = YES;
				SWIFT_VERSION = 5.0;
			};
			name = Debug;
		};
		04BB6A832FB815C00093C467 /* Release */ = {
			isa = XCBuildConfiguration;
			buildSettings = {
				ASSETCATALOG_COMPILER_APPICON_NAME = AppIcon;
				ASSETCATALOG_COMPILER_GLOBAL_ACCENT_COLOR_NAME = AccentColor;
				CODE_SIGN_STYLE = Automatic;
				COMBINE_HIDPI_IMAGES = YES;
				CURRENT_PROJECT_VERSION = 1;
				ENABLE_APP_SANDBOX = NO;
				ENABLE_PREVIEWS = YES;
				ENABLE_USER_SELECTED_FILES = readonly;
				GENERATE_INFOPLIST_FILE = YES;
				INFOPLIST_KEY_CFBundleDisplayName = "Claude Usage";
				INFOPLIST_KEY_LSUIElement = YES;
				INFOPLIST_KEY_NSHumanReadableCopyright = "Copyright © 2026 Emmanuel Oluwafemi.";
				LD_RUNPATH_SEARCH_PATHS = (
					"$(inherited)",
					"@executable_path/../Frameworks",
				);
				MARKETING_VERSION = 0.0.1;
				PRODUCT_BUNDLE_IDENTIFIER = "dev.emmanueloluwafemi.claude-usage";
				PRODUCT_NAME = "$(TARGET_NAME)";
				REGISTER_APP_GROUPS = YES;
				STRING_CATALOG_GENERATE_SYMBOLS = YES;
				SWIFT_APPROACHABLE_CONCURRENCY = YES;
				SWIFT_DEFAULT_ACTOR_ISOLATION = MainActor;
				SWIFT_EMIT_LOC_STRINGS = YES;
				SWIFT_UPCOMING_FEATURE_MEMBER_IMPORT_VISIBILITY = YES;
				SWIFT_VERSION = 5.0;
			};
			name = Release;
		};
		04BB6A852FB815C00093C467 /* Debug */ = {
			isa = XCBuildConfiguration;
			buildSettings = {
				BUNDLE_LOADER = "$(TEST_HOST)";
				CODE_SIGN_STYLE = Automatic;
				CURRENT_PROJECT_VERSION = 1;
				GENERATE_INFOPLIST_FILE = YES;
				MACOSX_DEPLOYMENT_TARGET = 14.0;
				MARKETING_VERSION = 0.0.1;
				PRODUCT_BUNDLE_IDENTIFIER = "dev.emmanueloluwafemi.claude-usage.tests";
				PRODUCT_NAME = "$(TARGET_NAME)";
				STRING_CATALOG_GENERATE_SYMBOLS = NO;
				SWIFT_APPROACHABLE_CONCURRENCY = YES;
				SWIFT_EMIT_LOC_STRINGS = NO;
				SWIFT_UPCOMING_FEATURE_MEMBER_IMPORT_VISIBILITY = YES;
				SWIFT_VERSION = 5.0;
				TEST_HOST = "$(BUILT_PRODUCTS_DIR)/ClaudeUsage.app/$(BUNDLE_EXECUTABLE_FOLDER_PATH)/ClaudeUsage";
			};
			name = Debug;
		};
		04BB6A862FB815C00093C467 /* Release */ = {
			isa = XCBuildConfiguration;
			buildSettings = {
				BUNDLE_LOADER = "$(TEST_HOST)";
				CODE_SIGN_STYLE = Automatic;
				CURRENT_PROJECT_VERSION = 1;
				GENERATE_INFOPLIST_FILE = YES;
				MACOSX_DEPLOYMENT_TARGET = 14.0;
				MARKETING_VERSION = 0.0.1;
				PRODUCT_BUNDLE_IDENTIFIER = "dev.emmanueloluwafemi.claude-usage.tests";
				PRODUCT_NAME = "$(TARGET_NAME)";
				STRING_CATALOG_GENERATE_SYMBOLS = NO;
				SWIFT_APPROACHABLE_CONCURRENCY = YES;
				SWIFT_EMIT_LOC_STRINGS = NO;
				SWIFT_UPCOMING_FEATURE_MEMBER_IMPORT_VISIBILITY = YES;
				SWIFT_VERSION = 5.0;
				TEST_HOST = "$(BUILT_PRODUCTS_DIR)/ClaudeUsage.app/$(BUNDLE_EXECUTABLE_FOLDER_PATH)/ClaudeUsage";
			};
			name = Release;
		};
		04BB6A882FB815C00093C467 /* Debug */ = {
			isa = XCBuildConfiguration;
			buildSettings = {
				CODE_SIGN_STYLE = Automatic;
				CURRENT_PROJECT_VERSION = 1;
				GENERATE_INFOPLIST_FILE = YES;
				MARKETING_VERSION = 0.0.1;
				PRODUCT_BUNDLE_IDENTIFIER = "dev.emmanueloluwafemi.claude-usage.uitests";
				PRODUCT_NAME = "$(TARGET_NAME)";
				STRING_CATALOG_GENERATE_SYMBOLS = NO;
				SWIFT_APPROACHABLE_CONCURRENCY = YES;
				SWIFT_EMIT_LOC_STRINGS = NO;
				SWIFT_UPCOMING_FEATURE_MEMBER_IMPORT_VISIBILITY = YES;
				SWIFT_VERSION = 5.0;
				TEST_TARGET_NAME = ClaudeUsage;
			};
			name = Debug;
		};
		04BB6A892FB815C00093C467 /* Release */ = {
			isa = XCBuildConfiguration;
			buildSettings = {
				CODE_SIGN_STYLE = Automatic;
				CURRENT_PROJECT_VERSION = 1;
				GENERATE_INFOPLIST_FILE = YES;
				MARKETING_VERSION = 0.0.1;
				PRODUCT_BUNDLE_IDENTIFIER = "dev.emmanueloluwafemi.claude-usage.uitests";
				PRODUCT_NAME = "$(TARGET_NAME)";
				STRING_CATALOG_GENERATE_SYMBOLS = NO;
				SWIFT_APPROACHABLE_CONCURRENCY = YES;
				SWIFT_EMIT_LOC_STRINGS = NO;
				SWIFT_UPCOMING_FEATURE_MEMBER_IMPORT_VISIBILITY = YES;
				SWIFT_VERSION = 5.0;
				TEST_TARGET_NAME = ClaudeUsage;
			};
			name = Release;
		};
/* End XCBuildConfiguration section */

/* Begin XCConfigurationList section */
		04BB6A5B2FB815BE0093C467 /* Build configuration list for PBXProject "ClaudeUsage" */ = {
			isa = XCConfigurationList;
			buildConfigurations = (
				04BB6A7F2FB815C00093C467 /* Debug */,
				04BB6A802FB815C00093C467 /* Release */,
			);
			defaultConfigurationIsVisible = 0;
			defaultConfigurationName = Release;
		};
		04BB6A812FB815C00093C467 /* Build configuration list for PBXNativeTarget "ClaudeUsage" */ = {
			isa = XCConfigurationList;
			buildConfigurations = (
				04BB6A822FB815C00093C467 /* Debug */,
				04BB6A832FB815C00093C467 /* Release */,
			);
			defaultConfigurationIsVisible = 0;
			defaultConfigurationName = Release;
		};
		04BB6A842FB815C00093C467 /* Build configuration list for PBXNativeTarget "ClaudeUsageTests" */ = {
			isa = XCConfigurationList;
			buildConfigurations = (
				04BB6A852FB815C00093C467 /* Debug */,
				04BB6A862FB815C00093C467 /* Release */,
			);
			defaultConfigurationIsVisible = 0;
			defaultConfigurationName = Release;
		};
		04BB6A872FB815C00093C467 /* Build configuration list for PBXNativeTarget "ClaudeUsageUITests" */ = {
			isa = XCConfigurationList;
			buildConfigurations = (
				04BB6A882FB815C00093C467 /* Debug */,
				04BB6A892FB815C00093C467 /* Release */,
			);
			defaultConfigurationIsVisible = 0;
			defaultConfigurationName = Release;
		};
/* End XCConfigurationList section */

/* Begin XCLocalSwiftPackageReference section */
		04BB6ADE2FB859640093C467 /* XCLocalSwiftPackageReference "../Core" */ = {
			isa = XCLocalSwiftPackageReference;
			relativePath = ../Core;
		};
/* End XCLocalSwiftPackageReference section */

/* Begin XCSwiftPackageProductDependency section */
		04BB6ADF2FB859640093C467 /* Core */ = {
			isa = XCSwiftPackageProductDependency;
			productName = Core;
		};
/* End XCSwiftPackageProductDependency section */
	};
	rootObject = 04BB6A582FB815BE0093C467 /* Project object */;
}
